
Microsoft Visual Studio Solution File, Format Version 12.00
# Visual Studio Version 16
VisualStudioVersion = 16.0.30523.141
MinimumVisualStudioVersion = 10.0.40219.1
Project("{FAE04EC0-301F-11D3-BF4B-00C04F79EFBC}") = "cyberbug2077", "cyberbug2077.csproj", "{C075D4B3-5CC1-4589-BE80-3A2154C6C395}"
EndProject
Global
	GlobalSection(SolutionConfigurationPlatforms) = preSolution
		Debug|Any CPU = Debug|Any CPU
		Release|Any CPU = Release|Any CPU
	EndGlobalSection
	GlobalSection(ProjectConfigurationPlatforms) = postSolution
		{C075D4B3-5CC1-4589-BE80-3A2154C6C395}.Debug|Any CPU.ActiveCfg = Debug|Any CPU
		{C075D4B3-5CC1-4589-BE80-3A2154C6C395}.Debug|Any CPU.Build.0 = Debug|Any CPU
		{C075D4B3-5CC1-4589-BE80-3A2154C6C395}.Release|Any CPU.ActiveCfg = Release|Any CPU
		{C075D4B3-5CC1-4589-BE80-3A2154C6C395}.Release|Any CPU.Build.0 = Release|Any CPU
	EndGlobalSection
	GlobalSection(SolutionProperties) = preSolution
		HideSolutionNode = FALSE
	EndGlobalSection
	GlobalSection(ExtensibilityGlobals) = postSolution
		SolutionGuid = {F5EA5D6F-B908-4D41-9554-D441E1D1289C}
	EndGlobalSection
EndGlobal
